
Microsoft Visual Studio Solution File, Format Version 12.00
# Visual Studio Version 17
VisualStudioVersion = 17.9.34714.143
MinimumVisualStudioVersion = 10.0.40219.1
Project("{FAE04EC0-301F-11D3-BF4B-00C04F79EFBC}") = "WebApiDTOsDemo", "WebApiDTOsDemo\WebApiDTOsDemo.csproj", "{75DB995D-6745-479B-89C1-82362B114A9D}"
EndProject
Global
	GlobalSection(SolutionConfigurationPlatforms) = preSolution
		Debug|Any CPU = Debug|Any CPU
		Release|Any CPU = Release|Any CPU
	EndGlobalSection
	GlobalSection(ProjectConfigurationPlatforms) = postSolution
		{75DB995D-6745-479B-89C1-82362B114A9D}.Debug|Any CPU.ActiveCfg = Debug|Any CPU
		{75DB995D-6745-479B-89C1-82362B114A9D}.Debug|Any CPU.Build.0 = Debug|Any CPU
		{75DB995D-6745-479B-89C1-82362B114A9D}.Release|Any CPU.ActiveCfg = Release|Any CPU
		{75DB995D-6745-479B-89C1-82362B114A9D}.Release|Any CPU.Build.0 = Release|Any CPU
	EndGlobalSection
	GlobalSection(SolutionProperties) = preSolution
		HideSolutionNode = FALSE
	EndGlobalSection
	GlobalSection(ExtensibilityGlobals) = postSolution
		SolutionGuid = {E3085377-126C-4A29-816A-D40C6676549A}
	EndGlobalSection
EndGlobal
